
Microsoft Visual Studio Solution File, Format Version 12.00
# Visual Studio 15
VisualStudioVersion = 15.0.26730.12
MinimumVisualStudioVersion = 10.0.40219.1
Project("{FAE04EC0-301F-11D3-BF4B-00C04F79EFBC}") = "HadesLang", "HadesLang\HadesLang.csproj", "{22C5F327-6C7C-416F-8886-8080CD4F2F5A}"
EndProject
Project("{FAE04EC0-301F-11D3-BF4B-00C04F79EFBC}") = "Interpreter", "Interpreter\Interpreter.csproj", "{79602591-8999-4C48-9685-B48564F1EA95}"
EndProject
Project("{FAE04EC0-301F-11D3-BF4B-00C04F79EFBC}") = "Cache", "Cache\Cache.csproj", "{871EEF92-5231-45F1-B42F-63E3E06196CB}"
EndProject
Project("{FAE04EC0-301F-11D3-BF4B-00C04F79EFBC}") = "Variables", "Variables\Variables.csproj", "{91CDF345-0953-45FB-ABB8-B6E8DFE2AFC2}"
EndProject
Project("{FAE04EC0-301F-11D3-BF4B-00C04F79EFBC}") = "Output", "Output\Output.csproj", "{02613388-E4A5-43B2-8450-914738FCAB57}"
EndProject
Project("{FAE04EC0-301F-11D3-BF4B-00C04F79EFBC}") = "StringExtension", "StringExtension\StringExtension.csproj", "{54DF6E25-1617-49E2-9C26-86B2E86B372A}"
EndProject
Project("{FAE04EC0-301F-11D3-BF4B-00C04F79EFBC}") = "Testing", "Testing\Testing.csproj", "{DC57EFB8-D0DE-4777-8777-34FB7A0F7060}"
EndProject
Project("{FAE04EC0-301F-11D3-BF4B-00C04F79EFBC}") = "Debug", "Debugger\Debug.csproj", "{3E8F583D-7044-4984-BF32-A0FFD09DB7E5}"
EndProject
Project("{2150E333-8FDC-42A3-9474-1A3956D46DE8}") = "StdLib", "StdLib", "{21CA6D66-595C-491A-8F8B-11931BC22DE7}"
EndProject
Project("{FAE04EC0-301F-11D3-BF4B-00C04F79EFBC}") = "file", "file\file.csproj", "{3E25D65D-36B4-4F3F-85B1-A8C7587195BC}"
EndProject
Project("{FAE04EC0-301F-11D3-BF4B-00C04F79EFBC}") = "rest", "rest\rest.csproj", "{8D8F5C32-D8EE-4530-973F-1EB2A47D69FE}"
EndProject
Global
	GlobalSection(SolutionConfigurationPlatforms) = preSolution
		Debug|Any CPU = Debug|Any CPU
		Release|Any CPU = Release|Any CPU
	EndGlobalSection
	GlobalSection(ProjectConfigurationPlatforms) = postSolution
		{22C5F327-6C7C-416F-8886-8080CD4F2F5A}.Debug|Any CPU.ActiveCfg = Debug|Any CPU
		{22C5F327-6C7C-416F-8886-8080CD4F2F5A}.Debug|Any CPU.Build.0 = Debug|Any CPU
		{22C5F327-6C7C-416F-8886-8080CD4F2F5A}.Release|Any CPU.ActiveCfg = Release|Any CPU
		{22C5F327-6C7C-416F-8886-8080CD4F2F5A}.Release|Any CPU.Build.0 = Release|Any CPU
		{79602591-8999-4C48-9685-B48564F1EA95}.Debug|Any CPU.ActiveCfg = Debug|Any CPU
		{79602591-8999-4C48-9685-B48564F1EA95}.Debug|Any CPU.Build.0 = Debug|Any CPU
		{79602591-8999-4C48-9685-B48564F1EA95}.Release|Any CPU.ActiveCfg = Release|Any CPU
		{79602591-8999-4C48-9685-B48564F1EA95}.Release|Any CPU.Build.0 = Release|Any CPU
		{871EEF92-5231-45F1-B42F-63E3E06196CB}.Debug|Any CPU.ActiveCfg = Debug|Any CPU
		{871EEF92-5231-45F1-B42F-63E3E06196CB}.Debug|Any CPU.Build.0 = Debug|Any CPU
		{871EEF92-5231-45F1-B42F-63E3E06196CB}.Release|Any CPU.ActiveCfg = Release|Any CPU
		{871EEF92-5231-45F1-B42F-63E3E06196CB}.Release|Any CPU.Build.0 = Release|Any CPU
		{91CDF345-0953-45FB-ABB8-B6E8DFE2AFC2}.Debug|Any CPU.ActiveCfg = Debug|Any CPU
		{91CDF345-0953-45FB-ABB8-B6E8DFE2AFC2}.Debug|Any CPU.Build.0 = Debug|Any CPU
		{91CDF345-0953-45FB-ABB8-B6E8DFE2AFC2}.Release|Any CPU.ActiveCfg = Release|Any CPU
		{91CDF345-0953-45FB-ABB8-B6E8DFE2AFC2}.Release|Any CPU.Build.0 = Release|Any CPU
		{02613388-E4A5-43B2-8450-914738FCAB57}.Debug|Any CPU.ActiveCfg = Debug|Any CPU
		{02613388-E4A5-43B2-8450-914738FCAB57}.Debug|Any CPU.Build.0 = Debug|Any CPU
		{02613388-E4A5-43B2-8450-914738FCAB57}.Release|Any CPU.ActiveCfg = Release|Any CPU
		{02613388-E4A5-43B2-8450-914738FCAB57}.Release|Any CPU.Build.0 = Release|Any CPU
		{54DF6E25-1617-49E2-9C26-86B2E86B372A}.Debug|Any CPU.ActiveCfg = Debug|Any CPU
		{54DF6E25-1617-49E2-9C26-86B2E86B372A}.Debug|Any CPU.Build.0 = Debug|Any CPU
		{54DF6E25-1617-49E2-9C26-86B2E86B372A}.Release|Any CPU.ActiveCfg = Release|Any CPU
		{54DF6E25-1617-49E2-9C26-86B2E86B372A}.Release|Any CPU.Build.0 = Release|Any CPU
		{DC57EFB8-D0DE-4777-8777-34FB7A0F7060}.Debug|Any CPU.ActiveCfg = Debug|Any CPU
		{DC57EFB8-D0DE-4777-8777-34FB7A0F7060}.Debug|Any CPU.Build.0 = Debug|Any CPU
		{DC57EFB8-D0DE-4777-8777-34FB7A0F7060}.Release|Any CPU.ActiveCfg = Release|Any CPU
		{DC57EFB8-D0DE-4777-8777-34FB7A0F7060}.Release|Any CPU.Build.0 = Release|Any CPU
		{3E8F583D-7044-4984-BF32-A0FFD09DB7E5}.Debug|Any CPU.ActiveCfg = Debug|Any CPU
		{3E8F583D-7044-4984-BF32-A0FFD09DB7E5}.Debug|Any CPU.Build.0 = Debug|Any CPU
		{3E8F583D-7044-4984-BF32-A0FFD09DB7E5}.Release|Any CPU.ActiveCfg = Release|Any CPU
		{3E8F583D-7044-4984-BF32-A0FFD09DB7E5}.Release|Any CPU.Build.0 = Release|Any CPU
		{3E25D65D-36B4-4F3F-85B1-A8C7587195BC}.Debug|Any CPU.ActiveCfg = Debug|Any CPU
		{3E25D65D-36B4-4F3F-85B1-A8C7587195BC}.Debug|Any CPU.Build.0 = Debug|Any CPU
		{3E25D65D-36B4-4F3F-85B1-A8C7587195BC}.Release|Any CPU.ActiveCfg = Release|Any CPU
		{3E25D65D-36B4-4F3F-85B1-A8C7587195BC}.Release|Any CPU.Build.0 = Release|Any CPU
		{8D8F5C32-D8EE-4530-973F-1EB2A47D69FE}.Debug|Any CPU.ActiveCfg = Debug|Any CPU
		{8D8F5C32-D8EE-4530-973F-1EB2A47D69FE}.Debug|Any CPU.Build.0 = Debug|Any CPU
		{8D8F5C32-D8EE-4530-973F-1EB2A47D69FE}.Release|Any CPU.ActiveCfg = Release|Any CPU
		{8D8F5C32-D8EE-4530-973F-1EB2A47D69FE}.Release|Any CPU.Build.0 = Release|Any CPU
	EndGlobalSection
	GlobalSection(SolutionProperties) = preSolution
		HideSolutionNode = FALSE
	EndGlobalSection
	GlobalSection(NestedProjects) = preSolution
		{3E25D65D-36B4-4F3F-85B1-A8C7587195BC} = {21CA6D66-595C-491A-8F8B-11931BC22DE7}
		{8D8F5C32-D8EE-4530-973F-1EB2A47D69FE} = {21CA6D66-595C-491A-8F8B-11931BC22DE7}
	EndGlobalSection
	GlobalSection(ExtensibilityGlobals) = postSolution
		SolutionGuid = {A2B2540A-40C6-4063-801A-99678C61EC31}
	EndGlobalSection
EndGlobal
