
Microsoft Visual Studio Solution File, Format Version 12.00
# Visual Studio 14
VisualStudioVersion = 14.0.25420.1
MinimumVisualStudioVersion = 10.0.40219.1
Project("{FAE04EC0-301F-11D3-BF4B-00C04F79EFBC}") = "HadesLang", "HadesLang\HadesLang.csproj", "{1111A8CF-8D05-4914-88EB-AD6CAA7AD6FB}"
EndProject
Project("{FAE04EC0-301F-11D3-BF4B-00C04F79EFBC}") = "Interpreter", "Interpreter\Interpreter.csproj", "{ACE3E078-2BC8-4C64-A6F3-64D4D00B68AD}"
EndProject
Project("{FAE04EC0-301F-11D3-BF4B-00C04F79EFBC}") = "Cache", "Cache\Cache.csproj", "{8D612C08-A3D3-4E2F-BD66-FBB7533CAD1E}"
EndProject
Project("{FAE04EC0-301F-11D3-BF4B-00C04F79EFBC}") = "Variables", "Variables\Variables.csproj", "{AAA81CDD-082C-4D3C-B2B4-88BCE35D96A5}"
EndProject
Project("{FAE04EC0-301F-11D3-BF4B-00C04F79EFBC}") = "Exceptions", "Exceptions\Exceptions.csproj", "{7FF8E52E-753A-4075-8019-EE83CDCBB8FF}"
EndProject
Project("{FAE04EC0-301F-11D3-BF4B-00C04F79EFBC}") = "StringExtension", "StringExtension\StringExtension.csproj", "{2E9D4D79-7B7F-4C82-91D9-DAFB2CC37557}"
EndProject
Project("{FAE04EC0-301F-11D3-BF4B-00C04F79EFBC}") = "HadesMobile", "HadesMobile\HadesMobile.csproj", "{59EACE80-F5E4-41CC-B7D9-C397D69D3C7F}"
EndProject
Project("{FAE04EC0-301F-11D3-BF4B-00C04F79EFBC}") = "CustomFunctions", "CustomFunctions\CustomFunctions.csproj", "{447DFD3E-2BD3-4DE5-BFD2-8184FB6A5F3A}"
EndProject
Global
	GlobalSection(SolutionConfigurationPlatforms) = preSolution
		Debug|Any CPU = Debug|Any CPU
		Release|Any CPU = Release|Any CPU
	EndGlobalSection
	GlobalSection(ProjectConfigurationPlatforms) = postSolution
		{1111A8CF-8D05-4914-88EB-AD6CAA7AD6FB}.Debug|Any CPU.ActiveCfg = Debug|Any CPU
		{1111A8CF-8D05-4914-88EB-AD6CAA7AD6FB}.Debug|Any CPU.Build.0 = Debug|Any CPU
		{1111A8CF-8D05-4914-88EB-AD6CAA7AD6FB}.Release|Any CPU.ActiveCfg = Release|Any CPU
		{1111A8CF-8D05-4914-88EB-AD6CAA7AD6FB}.Release|Any CPU.Build.0 = Release|Any CPU
		{ACE3E078-2BC8-4C64-A6F3-64D4D00B68AD}.Debug|Any CPU.ActiveCfg = Debug|Any CPU
		{ACE3E078-2BC8-4C64-A6F3-64D4D00B68AD}.Debug|Any CPU.Build.0 = Debug|Any CPU
		{ACE3E078-2BC8-4C64-A6F3-64D4D00B68AD}.Release|Any CPU.ActiveCfg = Release|Any CPU
		{ACE3E078-2BC8-4C64-A6F3-64D4D00B68AD}.Release|Any CPU.Build.0 = Release|Any CPU
		{8D612C08-A3D3-4E2F-BD66-FBB7533CAD1E}.Debug|Any CPU.ActiveCfg = Debug|Any CPU
		{8D612C08-A3D3-4E2F-BD66-FBB7533CAD1E}.Debug|Any CPU.Build.0 = Debug|Any CPU
		{8D612C08-A3D3-4E2F-BD66-FBB7533CAD1E}.Release|Any CPU.ActiveCfg = Release|Any CPU
		{8D612C08-A3D3-4E2F-BD66-FBB7533CAD1E}.Release|Any CPU.Build.0 = Release|Any CPU
		{AAA81CDD-082C-4D3C-B2B4-88BCE35D96A5}.Debug|Any CPU.ActiveCfg = Debug|Any CPU
		{AAA81CDD-082C-4D3C-B2B4-88BCE35D96A5}.Debug|Any CPU.Build.0 = Debug|Any CPU
		{AAA81CDD-082C-4D3C-B2B4-88BCE35D96A5}.Release|Any CPU.ActiveCfg = Release|Any CPU
		{AAA81CDD-082C-4D3C-B2B4-88BCE35D96A5}.Release|Any CPU.Build.0 = Release|Any CPU
		{7FF8E52E-753A-4075-8019-EE83CDCBB8FF}.Debug|Any CPU.ActiveCfg = Debug|Any CPU
		{7FF8E52E-753A-4075-8019-EE83CDCBB8FF}.Debug|Any CPU.Build.0 = Debug|Any CPU
		{7FF8E52E-753A-4075-8019-EE83CDCBB8FF}.Release|Any CPU.ActiveCfg = Release|Any CPU
		{7FF8E52E-753A-4075-8019-EE83CDCBB8FF}.Release|Any CPU.Build.0 = Release|Any CPU
		{2E9D4D79-7B7F-4C82-91D9-DAFB2CC37557}.Debug|Any CPU.ActiveCfg = Debug|Any CPU
		{2E9D4D79-7B7F-4C82-91D9-DAFB2CC37557}.Debug|Any CPU.Build.0 = Debug|Any CPU
		{2E9D4D79-7B7F-4C82-91D9-DAFB2CC37557}.Release|Any CPU.ActiveCfg = Release|Any CPU
		{2E9D4D79-7B7F-4C82-91D9-DAFB2CC37557}.Release|Any CPU.Build.0 = Release|Any CPU
		{59EACE80-F5E4-41CC-B7D9-C397D69D3C7F}.Debug|Any CPU.ActiveCfg = Debug|Any CPU
		{59EACE80-F5E4-41CC-B7D9-C397D69D3C7F}.Debug|Any CPU.Build.0 = Debug|Any CPU
		{59EACE80-F5E4-41CC-B7D9-C397D69D3C7F}.Debug|Any CPU.Deploy.0 = Debug|Any CPU
		{59EACE80-F5E4-41CC-B7D9-C397D69D3C7F}.Release|Any CPU.ActiveCfg = Release|Any CPU
		{59EACE80-F5E4-41CC-B7D9-C397D69D3C7F}.Release|Any CPU.Build.0 = Release|Any CPU
		{59EACE80-F5E4-41CC-B7D9-C397D69D3C7F}.Release|Any CPU.Deploy.0 = Release|Any CPU
		{447DFD3E-2BD3-4DE5-BFD2-8184FB6A5F3A}.Debug|Any CPU.ActiveCfg = Debug|Any CPU
		{447DFD3E-2BD3-4DE5-BFD2-8184FB6A5F3A}.Debug|Any CPU.Build.0 = Debug|Any CPU
		{447DFD3E-2BD3-4DE5-BFD2-8184FB6A5F3A}.Release|Any CPU.ActiveCfg = Release|Any CPU
		{447DFD3E-2BD3-4DE5-BFD2-8184FB6A5F3A}.Release|Any CPU.Build.0 = Release|Any CPU
	EndGlobalSection
	GlobalSection(SolutionProperties) = preSolution
		HideSolutionNode = FALSE
	EndGlobalSection
EndGlobal
